
Microsoft Visual Studio Solution File, Format Version 12.00
# Visual Studio Version 16
VisualStudioVersion = 16.0.32602.291
MinimumVisualStudioVersion = 10.0.40219.1
Project("{FAE04EC0-301F-11D3-BF4B-00C04F79EFBC}") = "onsei_gosei", "onsei_gosei.csproj", "{F864C412-48DD-4629-90EE-58E41CDF06E3}"
EndProject
Global
	GlobalSection(SolutionConfigurationPlatforms) = preSolution
		Debug|Any CPU = Debug|Any CPU
		Release|Any CPU = Release|Any CPU
	EndGlobalSection
	GlobalSection(ProjectConfigurationPlatforms) = postSolution
		{F864C412-48DD-4629-90EE-58E41CDF06E3}.Debug|Any CPU.ActiveCfg = Debug|Any CPU
		{F864C412-48DD-4629-90EE-58E41CDF06E3}.Debug|Any CPU.Build.0 = Debug|Any CPU
		{F864C412-48DD-4629-90EE-58E41CDF06E3}.Release|Any CPU.ActiveCfg = Release|Any CPU
		{F864C412-48DD-4629-90EE-58E41CDF06E3}.Release|Any CPU.Build.0 = Release|Any CPU
	EndGlobalSection
	GlobalSection(SolutionProperties) = preSolution
		HideSolutionNode = FALSE
	EndGlobalSection
	GlobalSection(ExtensibilityGlobals) = postSolution
		SolutionGuid = {3E94672C-A292-431E-B78F-02926372BF5B}
	EndGlobalSection
EndGlobal
